// !$*UTF8*$!
{
	archiveVersion = 1;
	classes = {
	};
	objectVersion = 56;
	objects = {

/* Begin PBXBuildFile section */
		2B45332D29E6345100F8ECC3 /* homework1App.swift in Sources */ = {isa = PBXBuildFile; fileRef = 2B45332C29E6345100F8ECC3 /* homework1App.swift */; };
		2B45332F29E6345100F8ECC3 /* ContentView.swift in Sources */ = {isa = PBXBuildFile; fileRef = 2B45332E29E6345100F8ECC3 /* ContentView.swift */; };
		2B45333129E6345200F8ECC3 /* Assets.xcassets in Resources */ = {isa = PBXBuildFile; fileRef = 2B45333029E6345200F8ECC3 /* Assets.xcassets */; };
		2B45333429E6345200F8ECC3 /* Preview Assets.xcassets in Resources */ = {isa = PBXBuildFile; fileRef = 2B45333329E6345200F8ECC3 /* Preview Assets.xcassets */; };
		2B45333E29E6345200F8ECC3 /* homework1Tests.swift in Sources */ = {isa = PBXBuildFile; fileRef = 2B45333D29E6345200F8ECC3 /* homework1Tests.swift */; };
		2B45334829E6345200F8ECC3 /* homework1UITests.swift in Sources */ = {isa = PBXBuildFile; fileRef = 2B45334729E6345200F8ECC3 /* homework1UITests.swift */; };
		2B45334A29E6345200F8ECC3 /* homework1UITestsLaunchTests.swift in Sources */ = {isa = PBXBuildFile; fileRef = 2B45334929E6345200F8ECC3 /* homework1UITestsLaunchTests.swift */; };
		2B6EDAE829E6DFE200DC6749 /* FlagButton.swift in Sources */ = {isa = PBXBuildFile; fileRef = 2B6EDAE729E6DFE200DC6749 /* FlagButton.swift */; };
/* End PBXBuildFile section */

/* Begin PBXContainerItemProxy section */
		2B45333A29E6345200F8ECC3 /* PBXContainerItemProxy */ = {
			isa = PBXContainerItemProxy;
			containerPortal = 2B45332129E6345100F8ECC3 /* Project object */;
			proxyType = 1;
			remoteGlobalIDString = 2B45332829E6345100F8ECC3;
			remoteInfo = homework1;
		};
		2B45334429E6345200F8ECC3 /* PBXContainerItemProxy */ = {
			isa = PBXContainerItemProxy;
			containerPortal = 2B45332129E6345100F8ECC3 /* Project object */;
			proxyType = 1;
			remoteGlobalIDString = 2B45332829E6345100F8ECC3;
			remoteInfo = homework1;
		};
/* End PBXContainerItemProxy section */

/* Begin PBXFileReference section */
		2B45332929E6345100F8ECC3 /* homework1.app */ = {isa = PBXFileReference; explicitFileType = wrapper.application; includeInIndex = 0; path = homework1.app; sourceTree = BUILT_PRODUCTS_DIR; };
		2B45332C29E6345100F8ECC3 /* homework1App.swift */ = {isa = PBXFileReference; lastKnownFileType = sourcecode.swift; path = homework1App.swift; sourceTree = "<group>"; };
		2B45332E29E6345100F8ECC3 /* ContentView.swift */ = {isa = PBXFileReference; lastKnownFileType = sourcecode.swift; path = ContentView.swift; sourceTree = "<group>"; };
		2B45333029E6345200F8ECC3 /* Assets.xcassets */ = {isa = PBXFileReference; lastKnownFileType = folder.assetcatalog; path = Assets.xcassets; sourceTree = "<group>"; };
		2B45333329E6345200F8ECC3 /* Preview Assets.xcassets */ = {isa = PBXFileReference; lastKnownFileType = folder.assetcatalog; path = "Preview Assets.xcassets"; sourceTree = "<group>"; };
		2B45333929E6345200F8ECC3 /* homework1Tests.xctest */ = {isa = PBXFileReference; explicitFileType = wrapper.cfbundle; includeInIndex = 0; path = homework1Tests.xctest; sourceTree = BUILT_PRODUCTS_DIR; };
		2B45333D29E6345200F8ECC3 /* homework1Tests.swift */ = {isa = PBXFileReference; lastKnownFileType = sourcecode.swift; path = homework1Tests.swift; sourceTree = "<group>"; };
		2B45334329E6345200F8ECC3 /* homework1UITests.xctest */ = {isa = PBXFileReference; explicitFileType = wrapper.cfbundle; includeInIndex = 0; path = homework1UITests.xctest; sourceTree = BUILT_PRODUCTS_DIR; };
		2B45334729E6345200F8ECC3 /* homework1UITests.swift */ = {isa = PBXFileReference; lastKnownFileType = sourcecode.swift; path = homework1UITests.swift; sourceTree = "<group>"; };
		2B45334929E6345200F8ECC3 /* homework1UITestsLaunchTests.swift */ = {isa = PBXFileReference; lastKnownFileType = sourcecode.swift; path = homework1UITestsLaunchTests.swift; sourceTree = "<group>"; };
		2B6EDAE729E6DFE200DC6749 /* FlagButton.swift */ = {isa = PBXFileReference; lastKnownFileType = sourcecode.swift; path = FlagButton.swift; sourceTree = "<group>"; };
/* End PBXFileReference section */

/* Begin PBXFrameworksBuildPhase section */
		2B45332629E6345100F8ECC3 /* Frameworks */ = {
			isa = PBXFrameworksBuildPhase;
			buildActionMask = 2147483647;
			files = (
			);
			runOnlyForDeploymentPostprocessing = 0;
		};
		2B45333629E6345200F8ECC3 /* Frameworks */ = {
			isa = PBXFrameworksBuildPhase;
			buildActionMask = 2147483647;
			files = (
			);
			runOnlyForDeploymentPostprocessing = 0;
		};
		2B45334029E6345200F8ECC3 /* Frameworks */ = {
			isa = PBXFrameworksBuildPhase;
			buildActionMask = 2147483647;
			files = (
			);
			runOnlyForDeploymentPostprocessing = 0;
		};
/* End PBXFrameworksBuildPhase section */

/* Begin PBXGroup section */
		2B45332029E6345100F8ECC3 = {
			isa = PBXGroup;
			children = (
				2B45332B29E6345100F8ECC3 /* homework1 */,
				2B45333C29E6345200F8ECC3 /* homework1Tests */,
				2B45334629E6345200F8ECC3 /* homework1UITests */,
				2B45332A29E6345100F8ECC3 /* Products */,
			);
			sourceTree = "<group>";
		};
		2B45332A29E6345100F8ECC3 /* Products */ = {
			isa = PBXGroup;
			children = (
				2B45332929E6345100F8ECC3 /* homework1.app */,
				2B45333929E6345200F8ECC3 /* homework1Tests.xctest */,
				2B45334329E6345200F8ECC3 /* homework1UITests.xctest */,
			);
			name = Products;
			sourceTree = "<group>";
		};
		2B45332B29E6345100F8ECC3 /* homework1 */ = {
			isa = PBXGroup;
			children = (
				2B45332C29E6345100F8ECC3 /* homework1App.swift */,
				2B45332E29E6345100F8ECC3 /* ContentView.swift */,
				2B6EDAE729E6DFE200DC6749 /* FlagButton.swift */,
				2B45333029E6345200F8ECC3 /* Assets.xcassets */,
				2B45333229E6345200F8ECC3 /* Preview Content */,
			);
			path = homework1;
			sourceTree = "<group>";
		};
		2B45333229E6345200F8ECC3 /* Preview Content */ = {
			isa = PBXGroup;
			children = (
				2B45333329E6345200F8ECC3 /* Preview Assets.xcassets */,
			);
			path = "Preview Content";
			sourceTree = "<group>";
		};
		2B45333C29E6345200F8ECC3 /* homework1Tests */ = {
			isa = PBXGroup;
			children = (
				2B45333D29E6345200F8ECC3 /* homework1Tests.swift */,
			);
			path = homework1Tests;
			sourceTree = "<group>";
		};
		2B45334629E6345200F8ECC3 /* homework1UITests */ = {
			isa = PBXGroup;
			children = (
				2B45334729E6345200F8ECC3 /* homework1UITests.swift */,
				2B45334929E6345200F8ECC3 /* homework1UITestsLaunchTests.swift */,
			);
			path = homework1UITests;
			sourceTree = "<group>";
		};
/* End PBXGroup section */

/* Begin PBXNativeTarget section */
		2B45332829E6345100F8ECC3 /* homework1 */ = {
			isa = PBXNativeTarget;
			buildConfigurationList = 2B45334D29E6345200F8ECC3 /* Build configuration list for PBXNativeTarget "homework1" */;
			buildPhases = (
				2B45332529E6345100F8ECC3 /* Sources */,
				2B45332629E6345100F8ECC3 /* Frameworks */,
				2B45332729E6345100F8ECC3 /* Resources */,
			);
			buildRules = (
			);
			dependencies = (
			);
			name = homework1;
			productName = homework1;
			productReference = 2B45332929E6345100F8ECC3 /* homework1.app */;
			productType = "com.apple.product-type.application";
		};
		2B45333829E6345200F8ECC3 /* homework1Tests */ = {
			isa = PBXNativeTarget;
			buildConfigurationList = 2B45335029E6345200F8ECC3 /* Build configuration list for PBXNativeTarget "homework1Tests" */;
			buildPhases = (
				2B45333529E6345200F8ECC3 /* Sources */,
				2B45333629E6345200F8ECC3 /* Frameworks */,
				2B45333729E6345200F8ECC3 /* Resources */,
			);
			buildRules = (
			);
			dependencies = (
				2B45333B29E6345200F8ECC3 /* PBXTargetDependency */,
			);
			name = homework1Tests;
			productName = homework1Tests;
			productReference = 2B45333929E6345200F8ECC3 /* homework1Tests.xctest */;
			productType = "com.apple.product-type.bundle.unit-test";
		};
		2B45334229E6345200F8ECC3 /* homework1UITests */ = {
			isa = PBXNativeTarget;
			buildConfigurationList = 2B45335329E6345200F8ECC3 /* Build configuration list for PBXNativeTarget "homework1UITests" */;
			buildPhases = (
				2B45333F29E6345200F8ECC3 /* Sources */,
				2B45334029E6345200F8ECC3 /* Frameworks */,
				2B45334129E6345200F8ECC3 /* Resources */,
			);
			buildRules = (
			);
			dependencies = (
				2B45334529E6345200F8ECC3 /* PBXTargetDependency */,
			);
			name = homework1UITests;
			productName = homework1UITests;
			productReference = 2B45334329E6345200F8ECC3 /* homework1UITests.xctest */;
			productType = "com.apple.product-type.bundle.ui-testing";
		};
/* End PBXNativeTarget section */

/* Begin PBXProject section */
		2B45332129E6345100F8ECC3 /* Project object */ = {
			isa = PBXProject;
			attributes = {
				BuildIndependentTargetsInParallel = 1;
				LastSwiftUpdateCheck = 1430;
				LastUpgradeCheck = 1430;
				TargetAttributes = {
					2B45332829E6345100F8ECC3 = {
						CreatedOnToolsVersion = 14.3;
					};
					2B45333829E6345200F8ECC3 = {
						CreatedOnToolsVersion = 14.3;
						TestTargetID = 2B45332829E6345100F8ECC3;
					};
					2B45334229E6345200F8ECC3 = {
						CreatedOnToolsVersion = 14.3;
						TestTargetID = 2B45332829E6345100F8ECC3;
					};
				};
			};
			buildConfigurationList = 2B45332429E6345100F8ECC3 /* Build configuration list for PBXProject "homework1" */;
			compatibilityVersion = "Xcode 14.0";
			developmentRegion = en;
			hasScannedForEncodings = 0;
			knownRegions = (
				en,
				Base,
			);
			mainGroup = 2B45332029E6345100F8ECC3;
			productRefGroup = 2B45332A29E6345100F8ECC3 /* Products */;
			projectDirPath = "";
			projectRoot = "";
			targets = (
				2B45332829E6345100F8ECC3 /* homework1 */,
				2B45333829E6345200F8ECC3 /* homework1Tests */,
				2B45334229E6345200F8ECC3 /* homework1UITests */,
			);
		};
/* End PBXProject section */

/* Begin PBXResourcesBuildPhase section */
		2B45332729E6345100F8ECC3 /* Resources */ = {
			isa = PBXResourcesBuildPhase;
			buildActionMask = 2147483647;
			files = (
				2B45333429E6345200F8ECC3 /* Preview Assets.xcassets in Resources */,
				2B45333129E6345200F8ECC3 /* Assets.xcassets in Resources */,
			);
			runOnlyForDeploymentPostprocessing = 0;
		};
		2B45333729E6345200F8ECC3 /* Resources */ = {
			isa = PBXResourcesBuildPhase;
			buildActionMask = 2147483647;
			files = (
			);
			runOnlyForDeploymentPostprocessing = 0;
		};
		2B45334129E6345200F8ECC3 /* Resources */ = {
			isa = PBXResourcesBuildPhase;
			buildActionMask = 2147483647;
			files = (
			);
			runOnlyForDeploymentPostprocessing = 0;
		};
/* End PBXResourcesBuildPhase section */

/* Begin PBXSourcesBuildPhase section */
		2B45332529E6345100F8ECC3 /* Sources */ = {
			isa = PBXSourcesBuildPhase;
			buildActionMask = 2147483647;
			files = (
				2B45332F29E6345100F8ECC3 /* ContentView.swift in Sources */,
				2B6EDAE829E6DFE200DC6749 /* FlagButton.swift in Sources */,
				2B45332D29E6345100F8ECC3 /* homework1App.swift in Sources */,
			);
			runOnlyForDeploymentPostprocessing = 0;
		};
		2B45333529E6345200F8ECC3 /* Sources */ = {
			isa = PBXSourcesBuildPhase;
			buildActionMask = 2147483647;
			files = (
				2B45333E29E6345200F8ECC3 /* homework1Tests.swift in Sources */,
			);
			runOnlyForDeploymentPostprocessing = 0;
		};
		2B45333F29E6345200F8ECC3 /* Sources */ = {
			isa = PBXSourcesBuildPhase;
			buildActionMask = 2147483647;
			files = (
				2B45334A29E6345200F8ECC3 /* homework1UITestsLaunchTests.swift in Sources */,
				2B45334829E6345200F8ECC3 /* homework1UITests.swift in Sources */,
			);
			runOnlyForDeploymentPostprocessing = 0;
		};
/* End PBXSourcesBuildPhase section */

/* Begin PBXTargetDependency section */
		2B45333B29E6345200F8ECC3 /* PBXTargetDependency */ = {
			isa = PBXTargetDependency;
			target = 2B45332829E6345100F8ECC3 /* homework1 */;
			targetProxy = 2B45333A29E6345200F8ECC3 /* PBXContainerItemProxy */;
		};
		2B45334529E6345200F8ECC3 /* PBXTargetDependency */ = {
			isa = PBXTargetDependency;
			target = 2B45332829E6345100F8ECC3 /* homework1 */;
			targetProxy = 2B45334429E6345200F8ECC3 /* PBXContainerItemProxy */;
		};
/* End PBXTargetDependency section */

/* Begin XCBuildConfiguration section */
		2B45334B29E6345200F8ECC3 /* Debug */ = {
			isa = XCBuildConfiguration;
			buildSettings = {
				ALWAYS_SEARCH_USER_PATHS = NO;
				CLANG_ANALYZER_NONNULL = YES;
				CLANG_ANALYZER_NUMBER_OBJECT_CONVERSION = YES_AGGRESSIVE;
				CLANG_CXX_LANGUAGE_STANDARD = "gnu++20";
				CLANG_ENABLE_MODULES = YES;
				CLANG_ENABLE_OBJC_ARC = YES;
				CLANG_ENABLE_OBJC_WEAK = YES;
				CLANG_WARN_BLOCK_CAPTURE_AUTORELEASING = YES;
				CLANG_WARN_BOOL_CONVERSION = YES;
				CLANG_WARN_COMMA = YES;
				CLANG_WARN_CONSTANT_CONVERSION = YES;
				CLANG_WARN_DEPRECATED_OBJC_IMPLEMENTATIONS = YES;
				CLANG_WARN_DIRECT_OBJC_ISA_USAGE = YES_ERROR;
				CLANG_WARN_DOCUMENTATION_COMMENTS = YES;
				CLANG_WARN_EMPTY_BODY = YES;
				CLANG_WARN_ENUM_CONVERSION = YES;
				CLANG_WARN_INFINITE_RECURSION = YES;
				CLANG_WARN_INT_CONVERSION = YES;
				CLANG_WARN_NON_LITERAL_NULL_CONVERSION = YES;
				CLANG_WARN_OBJC_IMPLICIT_RETAIN_SELF = YES;
				CLANG_WARN_OBJC_LITERAL_CONVERSION = YES;
				CLANG_WARN_OBJC_ROOT_CLASS = YES_ERROR;
				CLANG_WARN_QUOTED_INCLUDE_IN_FRAMEWORK_HEADER = YES;
				CLANG_WARN_RANGE_LOOP_ANALYSIS = YES;
				CLANG_WARN_STRICT_PROTOTYPES = YES;
				CLANG_WARN_SUSPICIOUS_MOVE = YES;
				CLANG_WARN_UNGUARDED_AVAILABILITY = YES_AGGRESSIVE;
				CLANG_WARN_UNREACHABLE_CODE = YES;
				CLANG_WARN__DUPLICATE_METHOD_MATCH = YES;
				COPY_PHASE_STRIP = NO;
				DEBUG_INFORMATION_FORMAT = dwarf;
				ENABLE_STRICT_OBJC_MSGSEND = YES;
				ENABLE_TESTABILITY = YES;
				GCC_C_LANGUAGE_STANDARD = gnu11;
				GCC_DYNAMIC_NO_PIC = NO;
				GCC_NO_COMMON_BLOCKS = YES;
				GCC_OPTIMIZATION_LEVEL = 0;
				GCC_PREPROCESSOR_DEFINITIONS = (
					"DEBUG=1",
					"$(inherited)",
				);
				GCC_WARN_64_TO_32_BIT_CONVERSION = YES;
				GCC_WARN_ABOUT_RETURN_TYPE = YES_ERROR;
				GCC_WARN_UNDECLARED_SELECTOR = YES;
				GCC_WARN_UNINITIALIZED_AUTOS = YES_AGGRESSIVE;
				GCC_WARN_UNUSED_FUNCTION = YES;
				GCC_WARN_UNUSED_VARIABLE = YES;
				IPHONEOS_DEPLOYMENT_TARGET = 16.4;
				MTL_ENABLE_DEBUG_INFO = INCLUDE_SOURCE;
				MTL_FAST_MATH = YES;
				ONLY_ACTIVE_ARCH = YES;
				SDKROOT = iphoneos;
				SWIFT_ACTIVE_COMPILATION_CONDITIONS = DEBUG;
				SWIFT_OPTIMIZATION_LEVEL = "-Onone";
			};
			name = Debug;
		};
		2B45334C29E6345200F8ECC3 /* Release */ = {
			isa = XCBuildConfiguration;
			buildSettings = {
				ALWAYS_SEARCH_USER_PATHS = NO;
				CLANG_ANALYZER_NONNULL = YES;
				CLANG_ANALYZER_NUMBER_OBJECT_CONVERSION = YES_AGGRESSIVE;
				CLANG_CXX_LANGUAGE_STANDARD = "gnu++20";
				CLANG_ENABLE_MODULES = YES;
				CLANG_ENABLE_OBJC_ARC = YES;
				CLANG_ENABLE_OBJC_WEAK = YES;
				CLANG_WARN_BLOCK_CAPTURE_AUTORELEASING = YES;
				CLANG_WARN_BOOL_CONVERSION = YES;
				CLANG_WARN_COMMA = YES;
				CLANG_WARN_CONSTANT_CONVERSION = YES;
				CLANG_WARN_DEPRECATED_OBJC_IMPLEMENTATIONS = YES;
				CLANG_WARN_DIRECT_OBJC_ISA_USAGE = YES_ERROR;
				CLANG_WARN_DOCUMENTATION_COMMENTS = YES;
				CLANG_WARN_EMPTY_BODY = YES;
				CLANG_WARN_ENUM_CONVERSION = YES;
				CLANG_WARN_INFINITE_RECURSION = YES;
				CLANG_WARN_INT_CONVERSION = YES;
				CLANG_WARN_NON_LITERAL_NULL_CONVERSION = YES;
				CLANG_WARN_OBJC_IMPLICIT_RETAIN_SELF = YES;
				CLANG_WARN_OBJC_LITERAL_CONVERSION = YES;
				CLANG_WARN_OBJC_ROOT_CLASS = YES_ERROR;
				CLANG_WARN_QUOTED_INCLUDE_IN_FRAMEWORK_HEADER = YES;
				CLANG_WARN_RANGE_LOOP_ANALYSIS = YES;
				CLANG_WARN_STRICT_PROTOTYPES = YES;
				CLANG_WARN_SUSPICIOUS_MOVE = YES;
				CLANG_WARN_UNGUARDED_AVAILABILITY = YES_AGGRESSIVE;
				CLANG_WARN_UNREACHABLE_CODE = YES;
				CLANG_WARN__DUPLICATE_METHOD_MATCH = YES;
				COPY_PHASE_STRIP = NO;
				DEBUG_INFORMATION_FORMAT = "dwarf-with-dsym";
				ENABLE_NS_ASSERTIONS = NO;
				ENABLE_STRICT_OBJC_MSGSEND = YES;
				GCC_C_LANGUAGE_STANDARD = gnu11;
				GCC_NO_COMMON_BLOCKS = YES;
				GCC_WARN_64_TO_32_BIT_CONVERSION = YES;
				GCC_WARN_ABOUT_RETURN_TYPE = YES_ERROR;
				GCC_WARN_UNDECLARED_SELECTOR = YES;
				GCC_WARN_UNINITIALIZED_AUTOS = YES_AGGRESSIVE;
				GCC_WARN_UNUSED_FUNCTION = YES;
				GCC_WARN_UNUSED_VARIABLE = YES;
				IPHONEOS_DEPLOYMENT_TARGET = 16.4;
				MTL_ENABLE_DEBUG_INFO = NO;
				MTL_FAST_MATH = YES;
				SDKROOT = iphoneos;
				SWIFT_COMPILATION_MODE = wholemodule;
				SWIFT_OPTIMIZATION_LEVEL = "-O";
				VALIDATE_PRODUCT = YES;
			};
			name = Release;
		};
		2B45334E29E6345200F8ECC3 /* Debug */ = {
			isa = XCBuildConfiguration;
			buildSettings = {
				ASSETCATALOG_COMPILER_APPICON_NAME = AppIcon;
				ASSETCATALOG_COMPILER_GLOBAL_ACCENT_COLOR_NAME = AccentColor;
				ASSETCATALOG_COMPILER_INCLUDE_ALL_APPICON_ASSETS = NO;
				CODE_SIGN_STYLE = Automatic;
				CURRENT_PROJECT_VERSION = 1;
				DEVELOPMENT_ASSET_PATHS = "\"homework1/Preview Content\"";
				ENABLE_PREVIEWS = YES;
				GENERATE_INFOPLIST_FILE = YES;
				INFOPLIST_KEY_UIApplicationSceneManifest_Generation = YES;
				INFOPLIST_KEY_UIApplicationSupportsIndirectInputEvents = YES;
				INFOPLIST_KEY_UILaunchScreen_Generation = YES;
				INFOPLIST_KEY_UISupportedInterfaceOrientations_iPad = "UIInterfaceOrientationPortrait UIInterfaceOrientationPortraitUpsideDown UIInterfaceOrientationLandscapeLeft UIInterfaceOrientationLandscapeRight";
				INFOPLIST_KEY_UISupportedInterfaceOrientations_iPhone = "UIInterfaceOrientationPortrait UIInterfaceOrientationLandscapeLeft UIInterfaceOrientationLandscapeRight";
				IPHONEOS_DEPLOYMENT_TARGET = 15.0;
				LD_RUNPATH_SEARCH_PATHS = (
					"$(inherited)",
					"@executable_path/Frameworks",
				);
				MARKETING_VERSION = 1.0;
				PRODUCT_BUNDLE_IDENTIFIER = com.whu.donglai.homework1;
				PRODUCT_NAME = "$(TARGET_NAME)";
				SWIFT_EMIT_LOC_STRINGS = YES;
				SWIFT_VERSION = 5.0;
				TARGETED_DEVICE_FAMILY = "1,2";
			};
			name = Debug;
		};
		2B45334F29E6345200F8ECC3 /* Release */ = {
			isa = XCBuildConfiguration;
			buildSettings = {
				ASSETCATALOG_COMPILER_APPICON_NAME = AppIcon;
				ASSETCATALOG_COMPILER_GLOBAL_ACCENT_COLOR_NAME = AccentColor;
				ASSETCATALOG_COMPILER_INCLUDE_ALL_APPICON_ASSETS = NO;
				CODE_SIGN_STYLE = Automatic;
				CURRENT_PROJECT_VERSION = 1;
				DEVELOPMENT_ASSET_PATHS = "\"homework1/Preview Content\"";
				ENABLE_PREVIEWS = YES;
				GENERATE_INFOPLIST_FILE = YES;
				INFOPLIST_KEY_UIApplicationSceneManifest_Generation = YES;
				INFOPLIST_KEY_UIApplicationSupportsIndirectInputEvents = YES;
				INFOPLIST_KEY_UILaunchScreen_Generation = YES;
				INFOPLIST_KEY_UISupportedInterfaceOrientations_iPad = "UIInterfaceOrientationPortrait UIInterfaceOrientationPortraitUpsideDown UIInterfaceOrientationLandscapeLeft UIInterfaceOrientationLandscapeRight";
				INFOPLIST_KEY_UISupportedInterfaceOrientations_iPhone = "UIInterfaceOrientationPortrait UIInterfaceOrientationLandscapeLeft UIInterfaceOrientationLandscapeRight";
				IPHONEOS_DEPLOYMENT_TARGET = 15.0;
				LD_RUNPATH_SEARCH_PATHS = (
					"$(inherited)",
					"@executable_path/Frameworks",
				);
				MARKETING_VERSION = 1.0;
				PRODUCT_BUNDLE_IDENTIFIER = com.whu.donglai.homework1;
				PRODUCT_NAME = "$(TARGET_NAME)";
				SWIFT_EMIT_LOC_STRINGS = YES;
				SWIFT_VERSION = 5.0;
				TARGETED_DEVICE_FAMILY = "1,2";
			};
			name = Release;
		};
		2B45335129E6345200F8ECC3 /* Debug */ = {
			isa = XCBuildConfiguration;
			buildSettings = {
				ALWAYS_EMBED_SWIFT_STANDARD_LIBRARIES = YES;
				BUNDLE_LOADER = "$(TEST_HOST)";
				CODE_SIGN_STYLE = Automatic;
				CURRENT_PROJECT_VERSION = 1;
				GENERATE_INFOPLIST_FILE = YES;
				IPHONEOS_DEPLOYMENT_TARGET = 16.4;
				MARKETING_VERSION = 1.0;
				PRODUCT_BUNDLE_IDENTIFIER = wuhanuniversity.homework1Tests;
				PRODUCT_NAME = "$(TARGET_NAME)";
				SWIFT_EMIT_LOC_STRINGS = NO;
				SWIFT_VERSION = 5.0;
				TARGETED_DEVICE_FAMILY = "1,2";
				TEST_HOST = "$(BUILT_PRODUCTS_DIR)/homework1.app/$(BUNDLE_EXECUTABLE_FOLDER_PATH)/homework1";
			};
			name = Debug;
		};
		2B45335229E6345200F8ECC3 /* Release */ = {
			isa = XCBuildConfiguration;
			buildSettings = {
				ALWAYS_EMBED_SWIFT_STANDARD_LIBRARIES = YES;
				BUNDLE_LOADER = "$(TEST_HOST)";
				CODE_SIGN_STYLE = Automatic;
				CURRENT_PROJECT_VERSION = 1;
				GENERATE_INFOPLIST_FILE = YES;
				IPHONEOS_DEPLOYMENT_TARGET = 16.4;
				MARKETING_VERSION = 1.0;
				PRODUCT_BUNDLE_IDENTIFIER = wuhanuniversity.homework1Tests;
				PRODUCT_NAME = "$(TARGET_NAME)";
				SWIFT_EMIT_LOC_STRINGS = NO;
				SWIFT_VERSION = 5.0;
				TARGETED_DEVICE_FAMILY = "1,2";
				TEST_HOST = "$(BUILT_PRODUCTS_DIR)/homework1.app/$(BUNDLE_EXECUTABLE_FOLDER_PATH)/homework1";
			};
			name = Release;
		};
		2B45335429E6345200F8ECC3 /* Debug */ = {
			isa = XCBuildConfiguration;
			buildSettings = {
				ALWAYS_EMBED_SWIFT_STANDARD_LIBRARIES = YES;
				CODE_SIGN_STYLE = Automatic;
				CURRENT_PROJECT_VERSION = 1;
				GENERATE_INFOPLIST_FILE = YES;
				MARKETING_VERSION = 1.0;
				PRODUCT_BUNDLE_IDENTIFIER = wuhanuniversity.homework1UITests;
				PRODUCT_NAME = "$(TARGET_NAME)";
				SWIFT_EMIT_LOC_STRINGS = NO;
				SWIFT_VERSION = 5.0;
				TARGETED_DEVICE_FAMILY = "1,2";
				TEST_TARGET_NAME = homework1;
			};
			name = Debug;
		};
		2B45335529E6345200F8ECC3 /* Release */ = {
			isa = XCBuildConfiguration;
			buildSettings = {
				ALWAYS_EMBED_SWIFT_STANDARD_LIBRARIES = YES;
				CODE_SIGN_STYLE = Automatic;
				CURRENT_PROJECT_VERSION = 1;
				GENERATE_INFOPLIST_FILE = YES;
				MARKETING_VERSION = 1.0;
				PRODUCT_BUNDLE_IDENTIFIER = wuhanuniversity.homework1UITests;
				PRODUCT_NAME = "$(TARGET_NAME)";
				SWIFT_EMIT_LOC_STRINGS = NO;
				SWIFT_VERSION = 5.0;
				TARGETED_DEVICE_FAMILY = "1,2";
				TEST_TARGET_NAME = homework1;
			};
			name = Release;
		};
/* End XCBuildConfiguration section */

/* Begin XCConfigurationList section */
		2B45332429E6345100F8ECC3 /* Build configuration list for PBXProject "homework1" */ = {
			isa = XCConfigurationList;
			buildConfigurations = (
				2B45334B29E6345200F8ECC3 /* Debug */,
				2B45334C29E6345200F8ECC3 /* Release */,
			);
			defaultConfigurationIsVisible = 0;
			defaultConfigurationName = Release;
		};
		2B45334D29E6345200F8ECC3 /* Build configuration list for PBXNativeTarget "homework1" */ = {
			isa = XCConfigurationList;
			buildConfigurations = (
				2B45334E29E6345200F8ECC3 /* Debug */,
				2B45334F29E6345200F8ECC3 /* Release */,
			);
			defaultConfigurationIsVisible = 0;
			defaultConfigurationName = Release;
		};
		2B45335029E6345200F8ECC3 /* Build configuration list for PBXNativeTarget "homework1Tests" */ = {
			isa = XCConfigurationList;
			buildConfigurations = (
				2B45335129E6345200F8ECC3 /* Debug */,
				2B45335229E6345200F8ECC3 /* Release */,
			);
			defaultConfigurationIsVisible = 0;
			defaultConfigurationName = Release;
		};
		2B45335329E6345200F8ECC3 /* Build configuration list for PBXNativeTarget "homework1UITests" */ = {
			isa = XCConfigurationList;
			buildConfigurations = (
				2B45335429E6345200F8ECC3 /* Debug */,
				2B45335529E6345200F8ECC3 /* Release */,
			);
			defaultConfigurationIsVisible = 0;
			defaultConfigurationName = Release;
		};
/* End XCConfigurationList section */
	};
	rootObject = 2B45332129E6345100F8ECC3 /* Project object */;
}
